
Microsoft Visual Studio Solution File, Format Version 12.00
# Visual Studio Version 16
VisualStudioVersion = 16.0.29806.167
MinimumVisualStudioVersion = 10.0.40219.1
Project("{FAE04EC0-301F-11D3-BF4B-00C04F79EFBC}") = "AsteroidGame", "AsteroidGame\AsteroidGame.csproj", "{37B8E9E4-74A6-4F9D-B2AE-CE15BA400336}"
EndProject
Project("{2150E333-8FDC-42A3-9474-1A3956D46DE8}") = "Test", "Test", "{970DD825-B7D9-4948-81A0-CA673DD472A4}"
EndProject
Project("{FAE04EC0-301F-11D3-BF4B-00C04F79EFBC}") = "TestConsole", "Test\TestConsole\TestConsole.csproj", "{917A4096-A5F0-4799-99EC-6C4E9E0717C4}"
EndProject
Global
	GlobalSection(SolutionConfigurationPlatforms) = preSolution
		Debug|Any CPU = Debug|Any CPU
		Release|Any CPU = Release|Any CPU
	EndGlobalSection
	GlobalSection(ProjectConfigurationPlatforms) = postSolution
		{37B8E9E4-74A6-4F9D-B2AE-CE15BA400336}.Debug|Any CPU.ActiveCfg = Debug|Any CPU
		{37B8E9E4-74A6-4F9D-B2AE-CE15BA400336}.Debug|Any CPU.Build.0 = Debug|Any CPU
		{37B8E9E4-74A6-4F9D-B2AE-CE15BA400336}.Release|Any CPU.ActiveCfg = Release|Any CPU
		{37B8E9E4-74A6-4F9D-B2AE-CE15BA400336}.Release|Any CPU.Build.0 = Release|Any CPU
		{917A4096-A5F0-4799-99EC-6C4E9E0717C4}.Debug|Any CPU.ActiveCfg = Debug|Any CPU
		{917A4096-A5F0-4799-99EC-6C4E9E0717C4}.Debug|Any CPU.Build.0 = Debug|Any CPU
		{917A4096-A5F0-4799-99EC-6C4E9E0717C4}.Release|Any CPU.ActiveCfg = Release|Any CPU
		{917A4096-A5F0-4799-99EC-6C4E9E0717C4}.Release|Any CPU.Build.0 = Release|Any CPU
	EndGlobalSection
	GlobalSection(SolutionProperties) = preSolution
		HideSolutionNode = FALSE
	EndGlobalSection
	GlobalSection(NestedProjects) = preSolution
		{917A4096-A5F0-4799-99EC-6C4E9E0717C4} = {970DD825-B7D9-4948-81A0-CA673DD472A4}
	EndGlobalSection
	GlobalSection(ExtensibilityGlobals) = postSolution
		SolutionGuid = {7129B9FD-D4C0-40E0-A7CB-4AB94501E6F9}
	EndGlobalSection
EndGlobal
